
Microsoft Visual Studio Solution File, Format Version 12.00
# Visual Studio Version 17
VisualStudioVersion = 17.8.34330.188
MinimumVisualStudioVersion = 10.0.40219.1
Project("{9A19103F-16F7-4668-BE54-9A1E7A4F7556}") = "WebAPI", "WebAPI\WebAPI.csproj", "{8FF8BDA6-1A58-47B5-BB12-79104C08DC34}"
EndProject
Project("{2150E333-8FDC-42A3-9474-1A3956D46DE8}") = "API", "API", "{281E4903-8F65-49A8-BFE5-FCF239F237A7}"
EndProject
Project("{2150E333-8FDC-42A3-9474-1A3956D46DE8}") = "Application", "Application", "{EF544940-400B-415F-82C4-9F142150D3DA}"
EndProject
Project("{2150E333-8FDC-42A3-9474-1A3956D46DE8}") = "Domain", "Domain", "{D6AB3130-03A6-4E37-99E0-D8BB402B5179}"
EndProject
Project("{2150E333-8FDC-42A3-9474-1A3956D46DE8}") = "Infrastructure", "Infrastructure", "{F25E48E1-BD81-434F-A3CE-D914437A202F}"
EndProject
Project("{2150E333-8FDC-42A3-9474-1A3956D46DE8}") = "DTOs", "DTOs", "{D910D160-B01A-44B1-B0C5-56612DAA1273}"
EndProject
Project("{2150E333-8FDC-42A3-9474-1A3956D46DE8}") = "Interfaces", "Interfaces", "{534E10AB-5133-43CF-B4A5-5B8820ADDC6C}"
EndProject
Project("{2150E333-8FDC-42A3-9474-1A3956D46DE8}") = "Services", "Services", "{AD7D24F3-D840-4D1A-9A6F-2F1DD95802C1}"
EndProject
Project("{2150E333-8FDC-42A3-9474-1A3956D46DE8}") = "Entities", "Entities", "{73A95E8C-578F-4EEE-A39D-99A9E75BFCA7}"
EndProject
Project("{2150E333-8FDC-42A3-9474-1A3956D46DE8}") = "Persistence", "Persistence", "{D5A27FF3-2851-4485-9892-3B68D75E7D90}"
EndProject
Project("{2150E333-8FDC-42A3-9474-1A3956D46DE8}") = "Repositories", "Repositories", "{C971642D-3FF4-4260-BF0F-64CA72F6C6FC}"
EndProject
Project("{2150E333-8FDC-42A3-9474-1A3956D46DE8}") = "Authentication", "Authentication", "{F0681C37-6D9B-43A0-9DFF-A5C513FBEA23}"
EndProject
Project("{9A19103F-16F7-4668-BE54-9A1E7A4F7556}") = "Entities", "Entities\Entities.csproj", "{361E0375-7EE2-4810-AC16-9F8682E78626}"
EndProject
Project("{9A19103F-16F7-4668-BE54-9A1E7A4F7556}") = "IRepositories", "IRepositories\IRepositories.csproj", "{9BCD6C49-DC1B-4101-B926-1F6578B4726E}"
EndProject
Project("{9A19103F-16F7-4668-BE54-9A1E7A4F7556}") = "Repositories", "SuppliersRepository\Repositories.csproj", "{C8E7A54A-0479-442D-BA1B-437B81CC4746}"
EndProject
Project("{9A19103F-16F7-4668-BE54-9A1E7A4F7556}") = "Persistence", "Persistence\Persistence.csproj", "{CFEE276B-1B84-4636-9840-04E92A299BF5}"
EndProject
Project("{9A19103F-16F7-4668-BE54-9A1E7A4F7556}") = "IServices", "IServices\IServices.csproj", "{2E457818-0492-4322-A06E-7E395295CE49}"
EndProject
Project("{9A19103F-16F7-4668-BE54-9A1E7A4F7556}") = "Services", "Services\Services.csproj", "{C414CC17-F6A7-4628-9A78-4C3A54FB0EAA}"
EndProject
Project("{9A19103F-16F7-4668-BE54-9A1E7A4F7556}") = "SupplierServicesTest", "SupplierServicesTest\SupplierServicesTest.csproj", "{FDAF7512-BC83-40B3-BB99-9A8D87A507AC}"
EndProject
Project("{FAE04EC0-301F-11D3-BF4B-00C04F79EFBC}") = "DTOs", "DTOs\DTOs.csproj", "{1C171135-E91D-45DA-A75A-B4D69CC62B58}"
EndProject
Project("{2150E333-8FDC-42A3-9474-1A3956D46DE8}") = "Test", "Test", "{79033323-DFD0-4765-B9C4-9E88FCBA98A0}"
EndProject
Global
	GlobalSection(SolutionConfigurationPlatforms) = preSolution
		Debug|Any CPU = Debug|Any CPU
		Release|Any CPU = Release|Any CPU
	EndGlobalSection
	GlobalSection(ProjectConfigurationPlatforms) = postSolution
		{8FF8BDA6-1A58-47B5-BB12-79104C08DC34}.Debug|Any CPU.ActiveCfg = Debug|Any CPU
		{8FF8BDA6-1A58-47B5-BB12-79104C08DC34}.Debug|Any CPU.Build.0 = Debug|Any CPU
		{8FF8BDA6-1A58-47B5-BB12-79104C08DC34}.Release|Any CPU.ActiveCfg = Release|Any CPU
		{8FF8BDA6-1A58-47B5-BB12-79104C08DC34}.Release|Any CPU.Build.0 = Release|Any CPU
		{361E0375-7EE2-4810-AC16-9F8682E78626}.Debug|Any CPU.ActiveCfg = Debug|Any CPU
		{361E0375-7EE2-4810-AC16-9F8682E78626}.Debug|Any CPU.Build.0 = Debug|Any CPU
		{361E0375-7EE2-4810-AC16-9F8682E78626}.Release|Any CPU.ActiveCfg = Release|Any CPU
		{361E0375-7EE2-4810-AC16-9F8682E78626}.Release|Any CPU.Build.0 = Release|Any CPU
		{9BCD6C49-DC1B-4101-B926-1F6578B4726E}.Debug|Any CPU.ActiveCfg = Debug|Any CPU
		{9BCD6C49-DC1B-4101-B926-1F6578B4726E}.Debug|Any CPU.Build.0 = Debug|Any CPU
		{9BCD6C49-DC1B-4101-B926-1F6578B4726E}.Release|Any CPU.ActiveCfg = Release|Any CPU
		{9BCD6C49-DC1B-4101-B926-1F6578B4726E}.Release|Any CPU.Build.0 = Release|Any CPU
		{C8E7A54A-0479-442D-BA1B-437B81CC4746}.Debug|Any CPU.ActiveCfg = Debug|Any CPU
		{C8E7A54A-0479-442D-BA1B-437B81CC4746}.Debug|Any CPU.Build.0 = Debug|Any CPU
		{C8E7A54A-0479-442D-BA1B-437B81CC4746}.Release|Any CPU.ActiveCfg = Release|Any CPU
		{C8E7A54A-0479-442D-BA1B-437B81CC4746}.Release|Any CPU.Build.0 = Release|Any CPU
		{CFEE276B-1B84-4636-9840-04E92A299BF5}.Debug|Any CPU.ActiveCfg = Debug|Any CPU
		{CFEE276B-1B84-4636-9840-04E92A299BF5}.Debug|Any CPU.Build.0 = Debug|Any CPU
		{CFEE276B-1B84-4636-9840-04E92A299BF5}.Release|Any CPU.ActiveCfg = Release|Any CPU
		{CFEE276B-1B84-4636-9840-04E92A299BF5}.Release|Any CPU.Build.0 = Release|Any CPU
		{2E457818-0492-4322-A06E-7E395295CE49}.Debug|Any CPU.ActiveCfg = Debug|Any CPU
		{2E457818-0492-4322-A06E-7E395295CE49}.Debug|Any CPU.Build.0 = Debug|Any CPU
		{2E457818-0492-4322-A06E-7E395295CE49}.Release|Any CPU.ActiveCfg = Release|Any CPU
		{2E457818-0492-4322-A06E-7E395295CE49}.Release|Any CPU.Build.0 = Release|Any CPU
		{C414CC17-F6A7-4628-9A78-4C3A54FB0EAA}.Debug|Any CPU.ActiveCfg = Debug|Any CPU
		{C414CC17-F6A7-4628-9A78-4C3A54FB0EAA}.Debug|Any CPU.Build.0 = Debug|Any CPU
		{C414CC17-F6A7-4628-9A78-4C3A54FB0EAA}.Release|Any CPU.ActiveCfg = Release|Any CPU
		{C414CC17-F6A7-4628-9A78-4C3A54FB0EAA}.Release|Any CPU.Build.0 = Release|Any CPU
		{FDAF7512-BC83-40B3-BB99-9A8D87A507AC}.Debug|Any CPU.ActiveCfg = Debug|Any CPU
		{FDAF7512-BC83-40B3-BB99-9A8D87A507AC}.Debug|Any CPU.Build.0 = Debug|Any CPU
		{FDAF7512-BC83-40B3-BB99-9A8D87A507AC}.Release|Any CPU.ActiveCfg = Release|Any CPU
		{FDAF7512-BC83-40B3-BB99-9A8D87A507AC}.Release|Any CPU.Build.0 = Release|Any CPU
		{1C171135-E91D-45DA-A75A-B4D69CC62B58}.Debug|Any CPU.ActiveCfg = Debug|Any CPU
		{1C171135-E91D-45DA-A75A-B4D69CC62B58}.Debug|Any CPU.Build.0 = Debug|Any CPU
		{1C171135-E91D-45DA-A75A-B4D69CC62B58}.Release|Any CPU.ActiveCfg = Release|Any CPU
		{1C171135-E91D-45DA-A75A-B4D69CC62B58}.Release|Any CPU.Build.0 = Release|Any CPU
	EndGlobalSection
	GlobalSection(SolutionProperties) = preSolution
		HideSolutionNode = FALSE
	EndGlobalSection
	GlobalSection(NestedProjects) = preSolution
		{8FF8BDA6-1A58-47B5-BB12-79104C08DC34} = {281E4903-8F65-49A8-BFE5-FCF239F237A7}
		{D910D160-B01A-44B1-B0C5-56612DAA1273} = {EF544940-400B-415F-82C4-9F142150D3DA}
		{534E10AB-5133-43CF-B4A5-5B8820ADDC6C} = {EF544940-400B-415F-82C4-9F142150D3DA}
		{AD7D24F3-D840-4D1A-9A6F-2F1DD95802C1} = {EF544940-400B-415F-82C4-9F142150D3DA}
		{73A95E8C-578F-4EEE-A39D-99A9E75BFCA7} = {D6AB3130-03A6-4E37-99E0-D8BB402B5179}
		{D5A27FF3-2851-4485-9892-3B68D75E7D90} = {F25E48E1-BD81-434F-A3CE-D914437A202F}
		{C971642D-3FF4-4260-BF0F-64CA72F6C6FC} = {F25E48E1-BD81-434F-A3CE-D914437A202F}
		{F0681C37-6D9B-43A0-9DFF-A5C513FBEA23} = {F25E48E1-BD81-434F-A3CE-D914437A202F}
		{361E0375-7EE2-4810-AC16-9F8682E78626} = {73A95E8C-578F-4EEE-A39D-99A9E75BFCA7}
		{9BCD6C49-DC1B-4101-B926-1F6578B4726E} = {534E10AB-5133-43CF-B4A5-5B8820ADDC6C}
		{C8E7A54A-0479-442D-BA1B-437B81CC4746} = {C971642D-3FF4-4260-BF0F-64CA72F6C6FC}
		{CFEE276B-1B84-4636-9840-04E92A299BF5} = {D5A27FF3-2851-4485-9892-3B68D75E7D90}
		{2E457818-0492-4322-A06E-7E395295CE49} = {534E10AB-5133-43CF-B4A5-5B8820ADDC6C}
		{C414CC17-F6A7-4628-9A78-4C3A54FB0EAA} = {AD7D24F3-D840-4D1A-9A6F-2F1DD95802C1}
		{FDAF7512-BC83-40B3-BB99-9A8D87A507AC} = {79033323-DFD0-4765-B9C4-9E88FCBA98A0}
		{1C171135-E91D-45DA-A75A-B4D69CC62B58} = {D910D160-B01A-44B1-B0C5-56612DAA1273}
	EndGlobalSection
	GlobalSection(ExtensibilityGlobals) = postSolution
		SolutionGuid = {0DA11118-0F1D-4F8F-A343-6E3BCBB4CCED}
	EndGlobalSection
EndGlobal
